// !$*UTF8*$!
{
	archiveVersion = 1;
	classes = {
	};
	objectVersion = 48;
	objects = {

/* Begin PBXBuildFile section */
		2B7E32B41F65B6220087C024 /* AppDelegate.swift in Sources */ = {isa = PBXBuildFile; fileRef = 2B7E32B31F65B6220087C024 /* AppDelegate.swift */; };
		2B7E32B61F65B6220087C024 /* art.scnassets in Resources */ = {isa = PBXBuildFile; fileRef = 2B7E32B51F65B6220087C024 /* art.scnassets */; };
		2B7E32B81F65B6220087C024 /* ViewController.swift in Sources */ = {isa = PBXBuildFile; fileRef = 2B7E32B71F65B6220087C024 /* ViewController.swift */; };
		2B7E32BB1F65B6220087C024 /* Main.storyboard in Resources */ = {isa = PBXBuildFile; fileRef = 2B7E32B91F65B6220087C024 /* Main.storyboard */; };
		2B7E32BD1F65B6220087C024 /* Assets.xcassets in Resources */ = {isa = PBXBuildFile; fileRef = 2B7E32BC1F65B6220087C024 /* Assets.xcassets */; };
		2B7E32C01F65B6220087C024 /* LaunchScreen.storyboard in Resources */ = {isa = PBXBuildFile; fileRef = 2B7E32BE1F65B6220087C024 /* LaunchScreen.storyboard */; };
		2B7E32CB1F65B6220087C024 /* ARKit_BeginningTests.swift in Sources */ = {isa = PBXBuildFile; fileRef = 2B7E32CA1F65B6220087C024 /* ARKit_BeginningTests.swift */; };
		2B7E32D61F65B6220087C024 /* ARKit_BeginningUITests.swift in Sources */ = {isa = PBXBuildFile; fileRef = 2B7E32D51F65B6220087C024 /* ARKit_BeginningUITests.swift */; };
/* End PBXBuildFile section */

/* Begin PBXContainerItemProxy section */
		2B7E32C71F65B6220087C024 /* PBXContainerItemProxy */ = {
			isa = PBXContainerItemProxy;
			containerPortal = 2B7E32A81F65B6220087C024 /* Project object */;
			proxyType = 1;
			remoteGlobalIDString = 2B7E32AF1F65B6220087C024;
			remoteInfo = "ARKit-Beginning";
		};
		2B7E32D21F65B6220087C024 /* PBXContainerItemProxy */ = {
			isa = PBXContainerItemProxy;
			containerPortal = 2B7E32A81F65B6220087C024 /* Project object */;
			proxyType = 1;
			remoteGlobalIDString = 2B7E32AF1F65B6220087C024;
			remoteInfo = "ARKit-Beginning";
		};
/* End PBXContainerItemProxy section */

/* Begin PBXFileReference section */
		2B7E32B01F65B6220087C024 /* ARKit-Beginning.app */ = {isa = PBXFileReference; explicitFileType = wrapper.application; includeInIndex = 0; path = "ARKit-Beginning.app"; sourceTree = BUILT_PRODUCTS_DIR; };
		2B7E32B31F65B6220087C024 /* AppDelegate.swift */ = {isa = PBXFileReference; lastKnownFileType = sourcecode.swift; path = AppDelegate.swift; sourceTree = "<group>"; };
		2B7E32B51F65B6220087C024 /* art.scnassets */ = {isa = PBXFileReference; lastKnownFileType = wrapper.scnassets; path = art.scnassets; sourceTree = "<group>"; };
		2B7E32B71F65B6220087C024 /* ViewController.swift */ = {isa = PBXFileReference; lastKnownFileType = sourcecode.swift; path = ViewController.swift; sourceTree = "<group>"; };
		2B7E32BA1F65B6220087C024 /* Base */ = {isa = PBXFileReference; lastKnownFileType = file.storyboard; name = Base; path = Base.lproj/Main.storyboard; sourceTree = "<group>"; };
		2B7E32BC1F65B6220087C024 /* Assets.xcassets */ = {isa = PBXFileReference; lastKnownFileType = folder.assetcatalog; path = Assets.xcassets; sourceTree = "<group>"; };
		2B7E32BF1F65B6220087C024 /* Base */ = {isa = PBXFileReference; lastKnownFileType = file.storyboard; name = Base; path = Base.lproj/LaunchScreen.storyboard; sourceTree = "<group>"; };
		2B7E32C11F65B6220087C024 /* Info.plist */ = {isa = PBXFileReference; lastKnownFileType = text.plist.xml; path = Info.plist; sourceTree = "<group>"; };
		2B7E32C61F65B6220087C024 /* ARKit-BeginningTests.xctest */ = {isa = PBXFileReference; explicitFileType = wrapper.cfbundle; includeInIndex = 0; path = "ARKit-BeginningTests.xctest"; sourceTree = BUILT_PRODUCTS_DIR; };
		2B7E32CA1F65B6220087C024 /* ARKit_BeginningTests.swift */ = {isa = PBXFileReference; lastKnownFileType = sourcecode.swift; path = ARKit_BeginningTests.swift; sourceTree = "<group>"; };
		2B7E32CC1F65B6220087C024 /* Info.plist */ = {isa = PBXFileReference; lastKnownFileType = text.plist.xml; path = Info.plist; sourceTree = "<group>"; };
		2B7E32D11F65B6220087C024 /* ARKit-BeginningUITests.xctest */ = {isa = PBXFileReference; explicitFileType = wrapper.cfbundle; includeInIndex = 0; path = "ARKit-BeginningUITests.xctest"; sourceTree = BUILT_PRODUCTS_DIR; };
		2B7E32D51F65B6220087C024 /* ARKit_BeginningUITests.swift */ = {isa = PBXFileReference; lastKnownFileType = sourcecode.swift; path = ARKit_BeginningUITests.swift; sourceTree = "<group>"; };
		2B7E32D71F65B6220087C024 /* Info.plist */ = {isa = PBXFileReference; lastKnownFileType = text.plist.xml; path = Info.plist; sourceTree = "<group>"; };
/* End PBXFileReference section */

/* Begin PBXFrameworksBuildPhase section */
		2B7E32AD1F65B6220087C024 /* Frameworks */ = {
			isa = PBXFrameworksBuildPhase;
			buildActionMask = 2147483647;
			files = (
			);
			runOnlyForDeploymentPostprocessing = 0;
		};
		2B7E32C31F65B6220087C024 /* Frameworks */ = {
			isa = PBXFrameworksBuildPhase;
			buildActionMask = 2147483647;
			files = (
			);
			runOnlyForDeploymentPostprocessing = 0;
		};
		2B7E32CE1F65B6220087C024 /* Frameworks */ = {
			isa = PBXFrameworksBuildPhase;
			buildActionMask = 2147483647;
			files = (
			);
			runOnlyForDeploymentPostprocessing = 0;
		};
/* End PBXFrameworksBuildPhase section */

/* Begin PBXGroup section */
		2B7E32A71F65B6220087C024 = {
			isa = PBXGroup;
			children = (
				2B7E32B21F65B6220087C024 /* ARKit-Beginning */,
				2B7E32C91F65B6220087C024 /* ARKit-BeginningTests */,
				2B7E32D41F65B6220087C024 /* ARKit-BeginningUITests */,
				2B7E32B11F65B6220087C024 /* Products */,
			);
			sourceTree = "<group>";
		};
		2B7E32B11F65B6220087C024 /* Products */ = {
			isa = PBXGroup;
			children = (
				2B7E32B01F65B6220087C024 /* ARKit-Beginning.app */,
				2B7E32C61F65B6220087C024 /* ARKit-BeginningTests.xctest */,
				2B7E32D11F65B6220087C024 /* ARKit-BeginningUITests.xctest */,
			);
			name = Products;
			sourceTree = "<group>";
		};
		2B7E32B21F65B6220087C024 /* ARKit-Beginning */ = {
			isa = PBXGroup;
			children = (
				2B7E32B31F65B6220087C024 /* AppDelegate.swift */,
				2B7E32B51F65B6220087C024 /* art.scnassets */,
				2B7E32B71F65B6220087C024 /* ViewController.swift */,
				2B7E32B91F65B6220087C024 /* Main.storyboard */,
				2B7E32BC1F65B6220087C024 /* Assets.xcassets */,
				2B7E32BE1F65B6220087C024 /* LaunchScreen.storyboard */,
				2B7E32C11F65B6220087C024 /* Info.plist */,
			);
			path = "ARKit-Beginning";
			sourceTree = "<group>";
		};
		2B7E32C91F65B6220087C024 /* ARKit-BeginningTests */ = {
			isa = PBXGroup;
			children = (
				2B7E32CA1F65B6220087C024 /* ARKit_BeginningTests.swift */,
				2B7E32CC1F65B6220087C024 /* Info.plist */,
			);
			path = "ARKit-BeginningTests";
			sourceTree = "<group>";
		};
		2B7E32D41F65B6220087C024 /* ARKit-BeginningUITests */ = {
			isa = PBXGroup;
			children = (
				2B7E32D51F65B6220087C024 /* ARKit_BeginningUITests.swift */,
				2B7E32D71F65B6220087C024 /* Info.plist */,
			);
			path = "ARKit-BeginningUITests";
			sourceTree = "<group>";
		};
/* End PBXGroup section */

/* Begin PBXNativeTarget section */
		2B7E32AF1F65B6220087C024 /* ARKit-Beginning */ = {
			isa = PBXNativeTarget;
			buildConfigurationList = 2B7E32DA1F65B6220087C024 /* Build configuration list for PBXNativeTarget "ARKit-Beginning" */;
			buildPhases = (
				2B7E32AC1F65B6220087C024 /* Sources */,
				2B7E32AD1F65B6220087C024 /* Frameworks */,
				2B7E32AE1F65B6220087C024 /* Resources */,
			);
			buildRules = (
			);
			dependencies = (
			);
			name = "ARKit-Beginning";
			productName = "ARKit-Beginning";
			productReference = 2B7E32B01F65B6220087C024 /* ARKit-Beginning.app */;
			productType = "com.apple.product-type.application";
		};
		2B7E32C51F65B6220087C024 /* ARKit-BeginningTests */ = {
			isa = PBXNativeTarget;
			buildConfigurationList = 2B7E32DD1F65B6220087C024 /* Build configuration list for PBXNativeTarget "ARKit-BeginningTests" */;
			buildPhases = (
				2B7E32C21F65B6220087C024 /* Sources */,
				2B7E32C31F65B6220087C024 /* Frameworks */,
				2B7E32C41F65B6220087C024 /* Resources */,
			);
			buildRules = (
			);
			dependencies = (
				2B7E32C81F65B6220087C024 /* PBXTargetDependency */,
			);
			name = "ARKit-BeginningTests";
			productName = "ARKit-BeginningTests";
			productReference = 2B7E32C61F65B6220087C024 /* ARKit-BeginningTests.xctest */;
			productType = "com.apple.product-type.bundle.unit-test";
		};
		2B7E32D01F65B6220087C024 /* ARKit-BeginningUITests */ = {
			isa = PBXNativeTarget;
			buildConfigurationList = 2B7E32E01F65B6220087C024 /* Build configuration list for PBXNativeTarget "ARKit-BeginningUITests" */;
			buildPhases = (
				2B7E32CD1F65B6220087C024 /* Sources */,
				2B7E32CE1F65B6220087C024 /* Frameworks */,
				2B7E32CF1F65B6220087C024 /* Resources */,
			);
			buildRules = (
			);
			dependencies = (
				2B7E32D31F65B6220087C024 /* PBXTargetDependency */,
			);
			name = "ARKit-BeginningUITests";
			productName = "ARKit-BeginningUITests";
			productReference = 2B7E32D11F65B6220087C024 /* ARKit-BeginningUITests.xctest */;
			productType = "com.apple.product-type.bundle.ui-testing";
		};
/* End PBXNativeTarget section */

/* Begin PBXProject section */
		2B7E32A81F65B6220087C024 /* Project object */ = {
			isa = PBXProject;
			attributes = {
				LastSwiftUpdateCheck = 0900;
				LastUpgradeCheck = 0900;
				ORGANIZATIONNAME = "Tarang Hirani";
				TargetAttributes = {
					2B7E32AF1F65B6220087C024 = {
						CreatedOnToolsVersion = 9.0;
					};
					2B7E32C51F65B6220087C024 = {
						CreatedOnToolsVersion = 9.0;
						TestTargetID = 2B7E32AF1F65B6220087C024;
					};
					2B7E32D01F65B6220087C024 = {
						CreatedOnToolsVersion = 9.0;
						TestTargetID = 2B7E32AF1F65B6220087C024;
					};
				};
			};
			buildConfigurationList = 2B7E32AB1F65B6220087C024 /* Build configuration list for PBXProject "ARKit-Beginning" */;
			compatibilityVersion = "Xcode 8.0";
			developmentRegion = en;
			hasScannedForEncodings = 0;
			knownRegions = (
				en,
				Base,
			);
			mainGroup = 2B7E32A71F65B6220087C024;
			productRefGroup = 2B7E32B11F65B6220087C024 /* Products */;
			projectDirPath = "";
			projectRoot = "";
			targets = (
				2B7E32AF1F65B6220087C024 /* ARKit-Beginning */,
				2B7E32C51F65B6220087C024 /* ARKit-BeginningTests */,
				2B7E32D01F65B6220087C024 /* ARKit-BeginningUITests */,
			);
		};
/* End PBXProject section */

/* Begin PBXResourcesBuildPhase section */
		2B7E32AE1F65B6220087C024 /* Resources */ = {
			isa = PBXResourcesBuildPhase;
			buildActionMask = 2147483647;
			files = (
				2B7E32B61F65B6220087C024 /* art.scnassets in Resources */,
				2B7E32C01F65B6220087C024 /* LaunchScreen.storyboard in Resources */,
				2B7E32BD1F65B6220087C024 /* Assets.xcassets in Resources */,
				2B7E32BB1F65B6220087C024 /* Main.storyboard in Resources */,
			);
			runOnlyForDeploymentPostprocessing = 0;
		};
		2B7E32C41F65B6220087C024 /* Resources */ = {
			isa = PBXResourcesBuildPhase;
			buildActionMask = 2147483647;
			files = (
			);
			runOnlyForDeploymentPostprocessing = 0;
		};
		2B7E32CF1F65B6220087C024 /* Resources */ = {
			isa = PBXResourcesBuildPhase;
			buildActionMask = 2147483647;
			files = (
			);
			runOnlyForDeploymentPostprocessing = 0;
		};
/* End PBXResourcesBuildPhase section */

/* Begin PBXSourcesBuildPhase section */
		2B7E32AC1F65B6220087C024 /* Sources */ = {
			isa = PBXSourcesBuildPhase;
			buildActionMask = 2147483647;
			files = (
				2B7E32B81F65B6220087C024 /* ViewController.swift in Sources */,
				2B7E32B41F65B6220087C024 /* AppDelegate.swift in Sources */,
			);
			runOnlyForDeploymentPostprocessing = 0;
		};
		2B7E32C21F65B6220087C024 /* Sources */ = {
			isa = PBXSourcesBuildPhase;
			buildActionMask = 2147483647;
			files = (
				2B7E32CB1F65B6220087C024 /* ARKit_BeginningTests.swift in Sources */,
			);
			runOnlyForDeploymentPostprocessing = 0;
		};
		2B7E32CD1F65B6220087C024 /* Sources */ = {
			isa = PBXSourcesBuildPhase;
			buildActionMask = 2147483647;
			files = (
				2B7E32D61F65B6220087C024 /* ARKit_BeginningUITests.swift in Sources */,
			);
			runOnlyForDeploymentPostprocessing = 0;
		};
/* End PBXSourcesBuildPhase section */

/* Begin PBXTargetDependency section */
		2B7E32C81F65B6220087C024 /* PBXTargetDependency */ = {
			isa = PBXTargetDependency;
			target = 2B7E32AF1F65B6220087C024 /* ARKit-Beginning */;
			targetProxy = 2B7E32C71F65B6220087C024 /* PBXContainerItemProxy */;
		};
		2B7E32D31F65B6220087C024 /* PBXTargetDependency */ = {
			isa = PBXTargetDependency;
			target = 2B7E32AF1F65B6220087C024 /* ARKit-Beginning */;
			targetProxy = 2B7E32D21F65B6220087C024 /* PBXContainerItemProxy */;
		};
/* End PBXTargetDependency section */

/* Begin PBXVariantGroup section */
		2B7E32B91F65B6220087C024 /* Main.storyboard */ = {
			isa = PBXVariantGroup;
			children = (
				2B7E32BA1F65B6220087C024 /* Base */,
			);
			name = Main.storyboard;
			sourceTree = "<group>";
		};
		2B7E32BE1F65B6220087C024 /* LaunchScreen.storyboard */ = {
			isa = PBXVariantGroup;
			children = (
				2B7E32BF1F65B6220087C024 /* Base */,
			);
			name = LaunchScreen.storyboard;
			sourceTree = "<group>";
		};
/* End PBXVariantGroup section */

/* Begin XCBuildConfiguration section */
		2B7E32D81F65B6220087C024 /* Debug */ = {
			isa = XCBuildConfiguration;
			buildSettings = {
				ALWAYS_SEARCH_USER_PATHS = NO;
				CLANG_ANALYZER_NONNULL = YES;
				CLANG_ANALYZER_NUMBER_OBJECT_CONVERSION = YES_AGGRESSIVE;
				CLANG_CXX_LANGUAGE_STANDARD = "gnu++14";
				CLANG_CXX_LIBRARY = "libc++";
				CLANG_ENABLE_MODULES = YES;
				CLANG_ENABLE_OBJC_ARC = YES;
				CLANG_WARN_BLOCK_CAPTURE_AUTORELEASING = YES;
				CLANG_WARN_BOOL_CONVERSION = YES;
				CLANG_WARN_COMMA = YES;
				CLANG_WARN_CONSTANT_CONVERSION = YES;
				CLANG_WARN_DIRECT_OBJC_ISA_USAGE = YES_ERROR;
				CLANG_WARN_DOCUMENTATION_COMMENTS = YES;
				CLANG_WARN_EMPTY_BODY = YES;
				CLANG_WARN_ENUM_CONVERSION = YES;
				CLANG_WARN_INFINITE_RECURSION = YES;
				CLANG_WARN_INT_CONVERSION = YES;
				CLANG_WARN_OBJC_ROOT_CLASS = YES_ERROR;
				CLANG_WARN_RANGE_LOOP_ANALYSIS = YES;
				CLANG_WARN_STRICT_PROTOTYPES = YES;
				CLANG_WARN_SUSPICIOUS_MOVE = YES;
				CLANG_WARN_UNGUARDED_AVAILABILITY = YES_AGGRESSIVE;
				CLANG_WARN_UNREACHABLE_CODE = YES;
				CLANG_WARN__DUPLICATE_METHOD_MATCH = YES;
				CODE_SIGN_IDENTITY = "iPhone Developer";
				COPY_PHASE_STRIP = NO;
				DEBUG_INFORMATION_FORMAT = dwarf;
				ENABLE_STRICT_OBJC_MSGSEND = YES;
				ENABLE_TESTABILITY = YES;
				GCC_C_LANGUAGE_STANDARD = gnu11;
				GCC_DYNAMIC_NO_PIC = NO;
				GCC_NO_COMMON_BLOCKS = YES;
				GCC_OPTIMIZATION_LEVEL = 0;
				GCC_PREPROCESSOR_DEFINITIONS = (
					"DEBUG=1",
					"$(inherited)",
				);
				GCC_WARN_64_TO_32_BIT_CONVERSION = YES;
				GCC_WARN_ABOUT_RETURN_TYPE = YES_ERROR;
				GCC_WARN_UNDECLARED_SELECTOR = YES;
				GCC_WARN_UNINITIALIZED_AUTOS = YES_AGGRESSIVE;
				GCC_WARN_UNUSED_FUNCTION = YES;
				GCC_WARN_UNUSED_VARIABLE = YES;
				IPHONEOS_DEPLOYMENT_TARGET = 11.0;
				MTL_ENABLE_DEBUG_INFO = YES;
				ONLY_ACTIVE_ARCH = YES;
				SDKROOT = iphoneos;
				SWIFT_ACTIVE_COMPILATION_CONDITIONS = DEBUG;
				SWIFT_OPTIMIZATION_LEVEL = "-Onone";
			};
			name = Debug;
		};
		2B7E32D91F65B6220087C024 /* Release */ = {
			isa = XCBuildConfiguration;
			buildSettings = {
				ALWAYS_SEARCH_USER_PATHS = NO;
				CLANG_ANALYZER_NONNULL = YES;
				CLANG_ANALYZER_NUMBER_OBJECT_CONVERSION = YES_AGGRESSIVE;
				CLANG_CXX_LANGUAGE_STANDARD = "gnu++14";
				CLANG_CXX_LIBRARY = "libc++";
				CLANG_ENABLE_MODULES = YES;
				CLANG_ENABLE_OBJC_ARC = YES;
				CLANG_WARN_BLOCK_CAPTURE_AUTORELEASING = YES;
				CLANG_WARN_BOOL_CONVERSION = YES;
				CLANG_WARN_COMMA = YES;
				CLANG_WARN_CONSTANT_CONVERSION = YES;
				CLANG_WARN_DIRECT_OBJC_ISA_USAGE = YES_ERROR;
				CLANG_WARN_DOCUMENTATION_COMMENTS = YES;
				CLANG_WARN_EMPTY_BODY = YES;
				CLANG_WARN_ENUM_CONVERSION = YES;
				CLANG_WARN_INFINITE_RECURSION = YES;
				CLANG_WARN_INT_CONVERSION = YES;
				CLANG_WARN_OBJC_ROOT_CLASS = YES_ERROR;
				CLANG_WARN_RANGE_LOOP_ANALYSIS = YES;
				CLANG_WARN_STRICT_PROTOTYPES = YES;
				CLANG_WARN_SUSPICIOUS_MOVE = YES;
				CLANG_WARN_UNGUARDED_AVAILABILITY = YES_AGGRESSIVE;
				CLANG_WARN_UNREACHABLE_CODE = YES;
				CLANG_WARN__DUPLICATE_METHOD_MATCH = YES;
				CODE_SIGN_IDENTITY = "iPhone Developer";
				COPY_PHASE_STRIP = NO;
				DEBUG_INFORMATION_FORMAT = "dwarf-with-dsym";
				ENABLE_NS_ASSERTIONS = NO;
				ENABLE_STRICT_OBJC_MSGSEND = YES;
				GCC_C_LANGUAGE_STANDARD = gnu11;
				GCC_NO_COMMON_BLOCKS = YES;
				GCC_WARN_64_TO_32_BIT_CONVERSION = YES;
				GCC_WARN_ABOUT_RETURN_TYPE = YES_ERROR;
				GCC_WARN_UNDECLARED_SELECTOR = YES;
				GCC_WARN_UNINITIALIZED_AUTOS = YES_AGGRESSIVE;
				GCC_WARN_UNUSED_FUNCTION = YES;
				GCC_WARN_UNUSED_VARIABLE = YES;
				IPHONEOS_DEPLOYMENT_TARGET = 11.0;
				MTL_ENABLE_DEBUG_INFO = NO;
				SDKROOT = iphoneos;
				SWIFT_OPTIMIZATION_LEVEL = "-Owholemodule";
				VALIDATE_PRODUCT = YES;
			};
			name = Release;
		};
		2B7E32DB1F65B6220087C024 /* Debug */ = {
			isa = XCBuildConfiguration;
			buildSettings = {
				ASSETCATALOG_COMPILER_APPICON_NAME = AppIcon;
				DEVELOPMENT_TEAM = BANP39CCYX;
				INFOPLIST_FILE = "ARKit-Beginning/Info.plist";
				LD_RUNPATH_SEARCH_PATHS = "$(inherited) @executable_path/Frameworks";
				PRODUCT_BUNDLE_IDENTIFIER = "com.taranghirani.ARKit-Beginning";
				PRODUCT_NAME = "$(TARGET_NAME)";
				SWIFT_VERSION = 4.0;
				TARGETED_DEVICE_FAMILY = "1,2";
			};
			name = Debug;
		};
		2B7E32DC1F65B6220087C024 /* Release */ = {
			isa = XCBuildConfiguration;
			buildSettings = {
				ASSETCATALOG_COMPILER_APPICON_NAME = AppIcon;
				DEVELOPMENT_TEAM = BANP39CCYX;
				INFOPLIST_FILE = "ARKit-Beginning/Info.plist";
				LD_RUNPATH_SEARCH_PATHS = "$(inherited) @executable_path/Frameworks";
				PRODUCT_BUNDLE_IDENTIFIER = "com.taranghirani.ARKit-Beginning";
				PRODUCT_NAME = "$(TARGET_NAME)";
				SWIFT_VERSION = 4.0;
				TARGETED_DEVICE_FAMILY = "1,2";
			};
			name = Release;
		};
		2B7E32DE1F65B6220087C024 /* Debug */ = {
			isa = XCBuildConfiguration;
			buildSettings = {
				ALWAYS_EMBED_SWIFT_STANDARD_LIBRARIES = YES;
				BUNDLE_LOADER = "$(TEST_HOST)";
				DEVELOPMENT_TEAM = BANP39CCYX;
				INFOPLIST_FILE = "ARKit-BeginningTests/Info.plist";
				LD_RUNPATH_SEARCH_PATHS = "$(inherited) @executable_path/Frameworks @loader_path/Frameworks";
				PRODUCT_BUNDLE_IDENTIFIER = "com.taranghirani.ARKit-BeginningTests";
				PRODUCT_NAME = "$(TARGET_NAME)";
				SWIFT_VERSION = 4.0;
				TARGETED_DEVICE_FAMILY = "1,2";
				TEST_HOST = "$(BUILT_PRODUCTS_DIR)/ARKit-Beginning.app/ARKit-Beginning";
			};
			name = Debug;
		};
		2B7E32DF1F65B6220087C024 /* Release */ = {
			isa = XCBuildConfiguration;
			buildSettings = {
				ALWAYS_EMBED_SWIFT_STANDARD_LIBRARIES = YES;
				BUNDLE_LOADER = "$(TEST_HOST)";
				DEVELOPMENT_TEAM = BANP39CCYX;
				INFOPLIST_FILE = "ARKit-BeginningTests/Info.plist";
				LD_RUNPATH_SEARCH_PATHS = "$(inherited) @executable_path/Frameworks @loader_path/Frameworks";
				PRODUCT_BUNDLE_IDENTIFIER = "com.taranghirani.ARKit-BeginningTests";
				PRODUCT_NAME = "$(TARGET_NAME)";
				SWIFT_VERSION = 4.0;
				TARGETED_DEVICE_FAMILY = "1,2";
				TEST_HOST = "$(BUILT_PRODUCTS_DIR)/ARKit-Beginning.app/ARKit-Beginning";
			};
			name = Release;
		};
		2B7E32E11F65B6220087C024 /* Debug */ = {
			isa = XCBuildConfiguration;
			buildSettings = {
				ALWAYS_EMBED_SWIFT_STANDARD_LIBRARIES = YES;
				INFOPLIST_FILE = "ARKit-BeginningUITests/Info.plist";
				LD_RUNPATH_SEARCH_PATHS = "$(inherited) @executable_path/Frameworks @loader_path/Frameworks";
				PRODUCT_BUNDLE_IDENTIFIER = "com.taranghirani.ARKit-BeginningUITests";
				PRODUCT_NAME = "$(TARGET_NAME)";
				SWIFT_VERSION = 4.0;
				TARGETED_DEVICE_FAMILY = "1,2";
				TEST_TARGET_NAME = "ARKit-Beginning";
			};
			name = Debug;
		};
		2B7E32E21F65B6220087C024 /* Release */ = {
			isa = XCBuildConfiguration;
			buildSettings = {
				ALWAYS_EMBED_SWIFT_STANDARD_LIBRARIES = YES;
				INFOPLIST_FILE = "ARKit-BeginningUITests/Info.plist";
				LD_RUNPATH_SEARCH_PATHS = "$(inherited) @executable_path/Frameworks @loader_path/Frameworks";
				PRODUCT_BUNDLE_IDENTIFIER = "com.taranghirani.ARKit-BeginningUITests";
				PRODUCT_NAME = "$(TARGET_NAME)";
				SWIFT_VERSION = 4.0;
				TARGETED_DEVICE_FAMILY = "1,2";
				TEST_TARGET_NAME = "ARKit-Beginning";
			};
			name = Release;
		};
/* End XCBuildConfiguration section */

/* Begin XCConfigurationList section */
		2B7E32AB1F65B6220087C024 /* Build configuration list for PBXProject "ARKit-Beginning" */ = {
			isa = XCConfigurationList;
			buildConfigurations = (
				2B7E32D81F65B6220087C024 /* Debug */,
				2B7E32D91F65B6220087C024 /* Release */,
			);
			defaultConfigurationIsVisible = 0;
			defaultConfigurationName = Release;
		};
		2B7E32DA1F65B6220087C024 /* Build configuration list for PBXNativeTarget "ARKit-Beginning" */ = {
			isa = XCConfigurationList;
			buildConfigurations = (
				2B7E32DB1F65B6220087C024 /* Debug */,
				2B7E32DC1F65B6220087C024 /* Release */,
			);
			defaultConfigurationIsVisible = 0;
		};
		2B7E32DD1F65B6220087C024 /* Build configuration list for PBXNativeTarget "ARKit-BeginningTests" */ = {
			isa = XCConfigurationList;
			buildConfigurations = (
				2B7E32DE1F65B6220087C024 /* Debug */,
				2B7E32DF1F65B6220087C024 /* Release */,
			);
			defaultConfigurationIsVisible = 0;
		};
		2B7E32E01F65B6220087C024 /* Build configuration list for PBXNativeTarget "ARKit-BeginningUITests" */ = {
			isa = XCConfigurationList;
			buildConfigurations = (
				2B7E32E11F65B6220087C024 /* Debug */,
				2B7E32E21F65B6220087C024 /* Release */,
			);
			defaultConfigurationIsVisible = 0;
		};
/* End XCConfigurationList section */
	};
	rootObject = 2B7E32A81F65B6220087C024 /* Project object */;
}
